// !$*UTF8*$!
{
	archiveVersion = 1;
	classes = {
	};
	objectVersion = 46;
	objects = {

/* Begin PBXBuildFile section */
		0014F1A9173A699D48618386 /* Pods_GiftTracker.framework in Frameworks */ = {isa = PBXBuildFile; fileRef = 54E0CD3F612E83150DD62AC2 /* Pods_GiftTracker.framework */; };
		5013BC841E443B0000A8FFF4 /* Assets.xcassets in Resources */ = {isa = PBXBuildFile; fileRef = 5013BC831E443B0000A8FFF4 /* Assets.xcassets */; };
		5013BC861E443D5A00A8FFF4 /* QRScannerController.swift in Sources */ = {isa = PBXBuildFile; fileRef = 5013BC851E443D5A00A8FFF4 /* QRScannerController.swift */; };
		5013BC881E44407100A8FFF4 /* AddGiftInfoViewController.swift in Sources */ = {isa = PBXBuildFile; fileRef = 5013BC871E44407100A8FFF4 /* AddGiftInfoViewController.swift */; };
		50876DF81E44F438003E2AD4 /* GoogleService-Info.plist in Resources */ = {isa = PBXBuildFile; fileRef = 50876DF71E44F438003E2AD4 /* GoogleService-Info.plist */; };
		50876DFA1E45994E003E2AD4 /* LoginViewController.swift in Sources */ = {isa = PBXBuildFile; fileRef = 50876DF91E45994E003E2AD4 /* LoginViewController.swift */; };
		50876DFF1E459D56003E2AD4 /* UserModel.swift in Sources */ = {isa = PBXBuildFile; fileRef = 50876DFE1E459D56003E2AD4 /* UserModel.swift */; };
		50876E011E45A2F3003E2AD4 /* UserDataModel.swift in Sources */ = {isa = PBXBuildFile; fileRef = 50876E001E45A2F3003E2AD4 /* UserDataModel.swift */; };
		50876E031E45A4C3003E2AD4 /* GiftDataModel.swift in Sources */ = {isa = PBXBuildFile; fileRef = 50876E021E45A4C3003E2AD4 /* GiftDataModel.swift */; };
		50876E051E46D521003E2AD4 /* NewUserViewController.swift in Sources */ = {isa = PBXBuildFile; fileRef = 50876E041E46D521003E2AD4 /* NewUserViewController.swift */; };
		508DA8991E3EC6090093514D /* AppDelegate.swift in Sources */ = {isa = PBXBuildFile; fileRef = 508DA8981E3EC6090093514D /* AppDelegate.swift */; };
		508DA89E1E3EC6090093514D /* Main.storyboard in Resources */ = {isa = PBXBuildFile; fileRef = 508DA89C1E3EC6090093514D /* Main.storyboard */; };
		508DA8A61E3EC6090093514D /* LaunchScreen.storyboard in Resources */ = {isa = PBXBuildFile; fileRef = 508DA8A41E3EC6090093514D /* LaunchScreen.storyboard */; };
		50C5C1901E4030F800178B58 /* HomeViewController.swift in Sources */ = {isa = PBXBuildFile; fileRef = 50C5C18F1E4030F800178B58 /* HomeViewController.swift */; };
		50C5C1921E40311E00178B58 /* GiftUPCModel.swift in Sources */ = {isa = PBXBuildFile; fileRef = 50C5C1911E40311E00178B58 /* GiftUPCModel.swift */; };
		50C5C1941E4038ED00178B58 /* UPCApi.swift in Sources */ = {isa = PBXBuildFile; fileRef = 50C5C1931E4038EC00178B58 /* UPCApi.swift */; };
		50C5C1961E4049EA00178B58 /* Extention.swift in Sources */ = {isa = PBXBuildFile; fileRef = 50C5C1951E4049EA00178B58 /* Extention.swift */; };
		50E100961E4AD6B800AABF25 /* DetailGiftViewController.swift in Sources */ = {isa = PBXBuildFile; fileRef = 50E100951E4AD6B800AABF25 /* DetailGiftViewController.swift */; };
		50E100B61E4C31F500AABF25 /* AddFriendInfoViewController.swift in Sources */ = {isa = PBXBuildFile; fileRef = 50E100B51E4C31F500AABF25 /* AddFriendInfoViewController.swift */; };
		50F9C1931E46D7F800E6A958 /* HomeTableViewCell.swift in Sources */ = {isa = PBXBuildFile; fileRef = 50F9C1921E46D7F800E6A958 /* HomeTableViewCell.swift */; };
		50F9C1971E4705C200E6A958 /* GiftModel.swift in Sources */ = {isa = PBXBuildFile; fileRef = 50F9C1961E4705C200E6A958 /* GiftModel.swift */; };
/* End PBXBuildFile section */

/* Begin PBXFileReference section */
		07548855FE948AF7D1B6EF08 /* Pods-GiftTracker.release.xcconfig */ = {isa = PBXFileReference; includeInIndex = 1; lastKnownFileType = text.xcconfig; name = "Pods-GiftTracker.release.xcconfig"; path = "Pods/Target Support Files/Pods-GiftTracker/Pods-GiftTracker.release.xcconfig"; sourceTree = "<group>"; };
		5013BC831E443B0000A8FFF4 /* Assets.xcassets */ = {isa = PBXFileReference; lastKnownFileType = folder.assetcatalog; path = Assets.xcassets; sourceTree = "<group>"; };
		5013BC851E443D5A00A8FFF4 /* QRScannerController.swift */ = {isa = PBXFileReference; fileEncoding = 4; lastKnownFileType = sourcecode.swift; path = QRScannerController.swift; sourceTree = "<group>"; };
		5013BC871E44407100A8FFF4 /* AddGiftInfoViewController.swift */ = {isa = PBXFileReference; fileEncoding = 4; lastKnownFileType = sourcecode.swift; path = AddGiftInfoViewController.swift; sourceTree = "<group>"; };
		50876DF71E44F438003E2AD4 /* GoogleService-Info.plist */ = {isa = PBXFileReference; fileEncoding = 4; lastKnownFileType = text.plist.xml; path = "GoogleService-Info.plist"; sourceTree = "<group>"; };
		50876DF91E45994E003E2AD4 /* LoginViewController.swift */ = {isa = PBXFileReference; fileEncoding = 4; lastKnownFileType = sourcecode.swift; path = LoginViewController.swift; sourceTree = "<group>"; };
		50876DFE1E459D56003E2AD4 /* UserModel.swift */ = {isa = PBXFileReference; fileEncoding = 4; lastKnownFileType = sourcecode.swift; path = UserModel.swift; sourceTree = "<group>"; };
		50876E001E45A2F3003E2AD4 /* UserDataModel.swift */ = {isa = PBXFileReference; fileEncoding = 4; lastKnownFileType = sourcecode.swift; path = UserDataModel.swift; sourceTree = "<group>"; };
		50876E021E45A4C3003E2AD4 /* GiftDataModel.swift */ = {isa = PBXFileReference; fileEncoding = 4; lastKnownFileType = sourcecode.swift; path = GiftDataModel.swift; sourceTree = "<group>"; };
		50876E041E46D521003E2AD4 /* NewUserViewController.swift */ = {isa = PBXFileReference; fileEncoding = 4; lastKnownFileType = sourcecode.swift; path = NewUserViewController.swift; sourceTree = "<group>"; };
		508DA8951E3EC6090093514D /* GiftTracker.app */ = {isa = PBXFileReference; explicitFileType = wrapper.application; includeInIndex = 0; path = GiftTracker.app; sourceTree = BUILT_PRODUCTS_DIR; };
		508DA8981E3EC6090093514D /* AppDelegate.swift */ = {isa = PBXFileReference; lastKnownFileType = sourcecode.swift; path = AppDelegate.swift; sourceTree = "<group>"; };
		508DA89D1E3EC6090093514D /* Base */ = {isa = PBXFileReference; lastKnownFileType = file.storyboard; name = Base; path = Base.lproj/Main.storyboard; sourceTree = "<group>"; };
		508DA8A51E3EC6090093514D /* Base */ = {isa = PBXFileReference; lastKnownFileType = file.storyboard; name = Base; path = Base.lproj/LaunchScreen.storyboard; sourceTree = "<group>"; };
		508DA8A71E3EC6090093514D /* Info.plist */ = {isa = PBXFileReference; lastKnownFileType = text.plist.xml; path = Info.plist; sourceTree = "<group>"; };
		50C5C18F1E4030F800178B58 /* HomeViewController.swift */ = {isa = PBXFileReference; fileEncoding = 4; lastKnownFileType = sourcecode.swift; path = HomeViewController.swift; sourceTree = "<group>"; };
		50C5C1911E40311E00178B58 /* GiftUPCModel.swift */ = {isa = PBXFileReference; fileEncoding = 4; lastKnownFileType = sourcecode.swift; path = GiftUPCModel.swift; sourceTree = "<group>"; };
		50C5C1931E4038EC00178B58 /* UPCApi.swift */ = {isa = PBXFileReference; fileEncoding = 4; lastKnownFileType = sourcecode.swift; path = UPCApi.swift; sourceTree = "<group>"; };
		50C5C1951E4049EA00178B58 /* Extention.swift */ = {isa = PBXFileReference; fileEncoding = 4; lastKnownFileType = sourcecode.swift; path = Extention.swift; sourceTree = "<group>"; };
		50E100931E4A43CE00AABF25 /* GiftTracker.mobileprovision */ = {isa = PBXFileReference; lastKnownFileType = file; path = GiftTracker.mobileprovision; sourceTree = "<group>"; };
		50E100941E4A5B0B00AABF25 /* GiftTracker.entitlements */ = {isa = PBXFileReference; lastKnownFileType = text.plist.entitlements; path = GiftTracker.entitlements; sourceTree = "<group>"; };
		50E100951E4AD6B800AABF25 /* DetailGiftViewController.swift */ = {isa = PBXFileReference; fileEncoding = 4; lastKnownFileType = sourcecode.swift; path = DetailGiftViewController.swift; sourceTree = "<group>"; };
		50E100B51E4C31F500AABF25 /* AddFriendInfoViewController.swift */ = {isa = PBXFileReference; fileEncoding = 4; lastKnownFileType = sourcecode.swift; path = AddFriendInfoViewController.swift; sourceTree = "<group>"; };
		50F9C1921E46D7F800E6A958 /* HomeTableViewCell.swift */ = {isa = PBXFileReference; fileEncoding = 4; lastKnownFileType = sourcecode.swift; path = HomeTableViewCell.swift; sourceTree = "<group>"; };
		50F9C1961E4705C200E6A958 /* GiftModel.swift */ = {isa = PBXFileReference; fileEncoding = 4; lastKnownFileType = sourcecode.swift; path = GiftModel.swift; sourceTree = "<group>"; };
		54E0CD3F612E83150DD62AC2 /* Pods_GiftTracker.framework */ = {isa = PBXFileReference; explicitFileType = wrapper.framework; includeInIndex = 0; path = Pods_GiftTracker.framework; sourceTree = BUILT_PRODUCTS_DIR; };
		DF4CA557D0A9F5EEDCF94C2F /* Pods-GiftTracker.debug.xcconfig */ = {isa = PBXFileReference; includeInIndex = 1; lastKnownFileType = text.xcconfig; name = "Pods-GiftTracker.debug.xcconfig"; path = "Pods/Target Support Files/Pods-GiftTracker/Pods-GiftTracker.debug.xcconfig"; sourceTree = "<group>"; };
/* End PBXFileReference section */

/* Begin PBXFrameworksBuildPhase section */
		508DA8921E3EC6090093514D /* Frameworks */ = {
			isa = PBXFrameworksBuildPhase;
			buildActionMask = 2147483647;
			files = (
				0014F1A9173A699D48618386 /* Pods_GiftTracker.framework in Frameworks */,
			);
			runOnlyForDeploymentPostprocessing = 0;
		};
/* End PBXFrameworksBuildPhase section */

/* Begin PBXGroup section */
		50876DFB1E459973003E2AD4 /* Auth */ = {
			isa = PBXGroup;
			children = (
				50876E041E46D521003E2AD4 /* NewUserViewController.swift */,
				50876DF91E45994E003E2AD4 /* LoginViewController.swift */,
			);
			name = Auth;
			sourceTree = "<group>";
		};
		50876DFD1E4599C2003E2AD4 /* Gift */ = {
			isa = PBXGroup;
			children = (
				50E100B51E4C31F500AABF25 /* AddFriendInfoViewController.swift */,
				5013BC871E44407100A8FFF4 /* AddGiftInfoViewController.swift */,
				5013BC851E443D5A00A8FFF4 /* QRScannerController.swift */,
			);
			name = Gift;
			sourceTree = "<group>";
		};
		508DA88C1E3EC6090093514D = {
			isa = PBXGroup;
			children = (
				508DA8971E3EC6090093514D /* GiftTracker */,
				508DA8961E3EC6090093514D /* Products */,
				90272B2F025CD75F19805D21 /* Pods */,
				8BAC6FD1A109BF4250AA6471 /* Frameworks */,
			);
			sourceTree = "<group>";
		};
		508DA8961E3EC6090093514D /* Products */ = {
			isa = PBXGroup;
			children = (
				508DA8951E3EC6090093514D /* GiftTracker.app */,
			);
			name = Products;
			sourceTree = "<group>";
		};
		508DA8971E3EC6090093514D /* GiftTracker */ = {
			isa = PBXGroup;
			children = (
				50E100941E4A5B0B00AABF25 /* GiftTracker.entitlements */,
				50C5C18C1E4030A700178B58 /* Model */,
				50C5C18A1E40304100178B58 /* Logic */,
				50C5C18B1E40309800178B58 /* UI */,
				50C5C1971E404A1900178B58 /* Extentions */,
				508DA8A71E3EC6090093514D /* Info.plist */,
				50876DF71E44F438003E2AD4 /* GoogleService-Info.plist */,
				50E100931E4A43CE00AABF25 /* GiftTracker.mobileprovision */,
			);
			path = GiftTracker;
			sourceTree = "<group>";
		};
		50C5C18A1E40304100178B58 /* Logic */ = {
			isa = PBXGroup;
			children = (
				50C5C18F1E4030F800178B58 /* HomeViewController.swift */,
				50F9C1921E46D7F800E6A958 /* HomeTableViewCell.swift */,
				50E100951E4AD6B800AABF25 /* DetailGiftViewController.swift */,
				50876DFD1E4599C2003E2AD4 /* Gift */,
				50876DFB1E459973003E2AD4 /* Auth */,
				508DA8981E3EC6090093514D /* AppDelegate.swift */,
			);
			name = Logic;
			sourceTree = "<group>";
		};
		50C5C18B1E40309800178B58 /* UI */ = {
			isa = PBXGroup;
			children = (
				5013BC831E443B0000A8FFF4 /* Assets.xcassets */,
				508DA89C1E3EC6090093514D /* Main.storyboard */,
				508DA8A41E3EC6090093514D /* LaunchScreen.storyboard */,
			);
			name = UI;
			sourceTree = "<group>";
		};
		50C5C18C1E4030A700178B58 /* Model */ = {
			isa = PBXGroup;
			children = (
				50876DFE1E459D56003E2AD4 /* UserModel.swift */,
				50876E001E45A2F3003E2AD4 /* UserDataModel.swift */,
				50F9C1961E4705C200E6A958 /* GiftModel.swift */,
				50876E021E45A4C3003E2AD4 /* GiftDataModel.swift */,
				50C5C1911E40311E00178B58 /* GiftUPCModel.swift */,
				50C5C1931E4038EC00178B58 /* UPCApi.swift */,
			);
			name = Model;
			sourceTree = "<group>";
		};
		50C5C1971E404A1900178B58 /* Extentions */ = {
			isa = PBXGroup;
			children = (
				50C5C1951E4049EA00178B58 /* Extention.swift */,
			);
			name = Extentions;
			sourceTree = "<group>";
		};
		8BAC6FD1A109BF4250AA6471 /* Frameworks */ = {
			isa = PBXGroup;
			children = (
				54E0CD3F612E83150DD62AC2 /* Pods_GiftTracker.framework */,
			);
			name = Frameworks;
			sourceTree = "<group>";
		};
		90272B2F025CD75F19805D21 /* Pods */ = {
			isa = PBXGroup;
			children = (
				DF4CA557D0A9F5EEDCF94C2F /* Pods-GiftTracker.debug.xcconfig */,
				07548855FE948AF7D1B6EF08 /* Pods-GiftTracker.release.xcconfig */,
			);
			name = Pods;
			sourceTree = "<group>";
		};
/* End PBXGroup section */

/* Begin PBXNativeTarget section */
		508DA8941E3EC6090093514D /* GiftTracker */ = {
			isa = PBXNativeTarget;
			buildConfigurationList = 508DA8AA1E3EC6090093514D /* Build configuration list for PBXNativeTarget "GiftTracker" */;
			buildPhases = (
				95C5A6B414D7793932558EA4 /* [CP] Check Pods Manifest.lock */,
				508DA8911E3EC6090093514D /* Sources */,
				508DA8921E3EC6090093514D /* Frameworks */,
				508DA8931E3EC6090093514D /* Resources */,
				988E54E2E54C2D71F031A6F2 /* [CP] Embed Pods Frameworks */,
				BF84E66201331BE1E91C8B44 /* [CP] Copy Pods Resources */,
			);
			buildRules = (
			);
			dependencies = (
			);
			name = GiftTracker;
			productName = GiftTracker;
			productReference = 508DA8951E3EC6090093514D /* GiftTracker.app */;
			productType = "com.apple.product-type.application";
		};
/* End PBXNativeTarget section */

/* Begin PBXProject section */
		508DA88D1E3EC6090093514D /* Project object */ = {
			isa = PBXProject;
			attributes = {
				LastSwiftUpdateCheck = 0820;
				LastUpgradeCheck = 0820;
				ORGANIZATIONNAME = "Grace Yu";
				TargetAttributes = {
					508DA8941E3EC6090093514D = {
						CreatedOnToolsVersion = 8.2.1;
						DevelopmentTeam = ME5VK26M48;
						ProvisioningStyle = Automatic;
						SystemCapabilities = {
							com.apple.Push = {
								enabled = 1;
							};
						};
					};
				};
			};
			buildConfigurationList = 508DA8901E3EC6090093514D /* Build configuration list for PBXProject "GiftTracker" */;
			compatibilityVersion = "Xcode 3.2";
			developmentRegion = English;
			hasScannedForEncodings = 0;
			knownRegions = (
				en,
				Base,
			);
			mainGroup = 508DA88C1E3EC6090093514D;
			productRefGroup = 508DA8961E3EC6090093514D /* Products */;
			projectDirPath = "";
			projectRoot = "";
			targets = (
				508DA8941E3EC6090093514D /* GiftTracker */,
			);
		};
/* End PBXProject section */

/* Begin PBXResourcesBuildPhase section */
		508DA8931E3EC6090093514D /* Resources */ = {
			isa = PBXResourcesBuildPhase;
			buildActionMask = 2147483647;
			files = (
				508DA8A61E3EC6090093514D /* LaunchScreen.storyboard in Resources */,
				50876DF81E44F438003E2AD4 /* GoogleService-Info.plist in Resources */,
				5013BC841E443B0000A8FFF4 /* Assets.xcassets in Resources */,
				508DA89E1E3EC6090093514D /* Main.storyboard in Resources */,
			);
			runOnlyForDeploymentPostprocessing = 0;
		};
/* End PBXResourcesBuildPhase section */

/* Begin PBXShellScriptBuildPhase section */
		95C5A6B414D7793932558EA4 /* [CP] Check Pods Manifest.lock */ = {
			isa = PBXShellScriptBuildPhase;
			buildActionMask = 2147483647;
			files = (
			);
			inputPaths = (
			);
			name = "[CP] Check Pods Manifest.lock";
			outputPaths = (
			);
			runOnlyForDeploymentPostprocessing = 0;
			shellPath = /bin/sh;
			shellScript = "diff \"${PODS_ROOT}/../Podfile.lock\" \"${PODS_ROOT}/Manifest.lock\" > /dev/null\nif [ $? != 0 ] ; then\n    # print error to STDERR\n    echo \"error: The sandbox is not in sync with the Podfile.lock. Run 'pod install' or update your CocoaPods installation.\" >&2\n    exit 1\nfi\n";
			showEnvVarsInLog = 0;
		};
		988E54E2E54C2D71F031A6F2 /* [CP] Embed Pods Frameworks */ = {
			isa = PBXShellScriptBuildPhase;
			buildActionMask = 2147483647;
			files = (
			);
			inputPaths = (
			);
			name = "[CP] Embed Pods Frameworks";
			outputPaths = (
			);
			runOnlyForDeploymentPostprocessing = 0;
			shellPath = /bin/sh;
			shellScript = "\"${SRCROOT}/Pods/Target Support Files/Pods-GiftTracker/Pods-GiftTracker-frameworks.sh\"\n";
			showEnvVarsInLog = 0;
		};
		BF84E66201331BE1E91C8B44 /* [CP] Copy Pods Resources */ = {
			isa = PBXShellScriptBuildPhase;
			buildActionMask = 2147483647;
			files = (
			);
			inputPaths = (
			);
			name = "[CP] Copy Pods Resources";
			outputPaths = (
			);
			runOnlyForDeploymentPostprocessing = 0;
			shellPath = /bin/sh;
			shellScript = "\"${SRCROOT}/Pods/Target Support Files/Pods-GiftTracker/Pods-GiftTracker-resources.sh\"\n";
			showEnvVarsInLog = 0;
		};
/* End PBXShellScriptBuildPhase section */

/* Begin PBXSourcesBuildPhase section */
		508DA8911E3EC6090093514D /* Sources */ = {
			isa = PBXSourcesBuildPhase;
			buildActionMask = 2147483647;
			files = (
				50876E031E45A4C3003E2AD4 /* GiftDataModel.swift in Sources */,
				50876E011E45A2F3003E2AD4 /* UserDataModel.swift in Sources */,
				50E100B61E4C31F500AABF25 /* AddFriendInfoViewController.swift in Sources */,
				5013BC861E443D5A00A8FFF4 /* QRScannerController.swift in Sources */,
				50F9C1931E46D7F800E6A958 /* HomeTableViewCell.swift in Sources */,
				50C5C1961E4049EA00178B58 /* Extention.swift in Sources */,
				5013BC881E44407100A8FFF4 /* AddGiftInfoViewController.swift in Sources */,
				50876E051E46D521003E2AD4 /* NewUserViewController.swift in Sources */,
				508DA8991E3EC6090093514D /* AppDelegate.swift in Sources */,
				50C5C1901E4030F800178B58 /* HomeViewController.swift in Sources */,
				50C5C1921E40311E00178B58 /* GiftUPCModel.swift in Sources */,
				50876DFA1E45994E003E2AD4 /* LoginViewController.swift in Sources */,
				50876DFF1E459D56003E2AD4 /* UserModel.swift in Sources */,
				50E100961E4AD6B800AABF25 /* DetailGiftViewController.swift in Sources */,
				50C5C1941E4038ED00178B58 /* UPCApi.swift in Sources */,
				50F9C1971E4705C200E6A958 /* GiftModel.swift in Sources */,
			);
			runOnlyForDeploymentPostprocessing = 0;
		};
/* End PBXSourcesBuildPhase section */

/* Begin PBXVariantGroup section */
		508DA89C1E3EC6090093514D /* Main.storyboard */ = {
			isa = PBXVariantGroup;
			children = (
				508DA89D1E3EC6090093514D /* Base */,
			);
			name = Main.storyboard;
			sourceTree = "<group>";
		};
		508DA8A41E3EC6090093514D /* LaunchScreen.storyboard */ = {
			isa = PBXVariantGroup;
			children = (
				508DA8A51E3EC6090093514D /* Base */,
			);
			name = LaunchScreen.storyboard;
			sourceTree = "<group>";
		};
/* End PBXVariantGroup section */

/* Begin XCBuildConfiguration section */
		508DA8A81E3EC6090093514D /* Debug */ = {
			isa = XCBuildConfiguration;
			buildSettings = {
				ALWAYS_SEARCH_USER_PATHS = NO;
				CLANG_ANALYZER_NONNULL = YES;
				CLANG_CXX_LANGUAGE_STANDARD = "gnu++0x";
				CLANG_CXX_LIBRARY = "libc++";
				CLANG_ENABLE_MODULES = YES;
				CLANG_ENABLE_OBJC_ARC = YES;
				CLANG_WARN_BOOL_CONVERSION = YES;
				CLANG_WARN_CONSTANT_CONVERSION = YES;
				CLANG_WARN_DIRECT_OBJC_ISA_USAGE = YES_ERROR;
				CLANG_WARN_DOCUMENTATION_COMMENTS = YES;
				CLANG_WARN_EMPTY_BODY = YES;
				CLANG_WARN_ENUM_CONVERSION = YES;
				CLANG_WARN_INFINITE_RECURSION = YES;
				CLANG_WARN_INT_CONVERSION = YES;
				CLANG_WARN_OBJC_ROOT_CLASS = YES_ERROR;
				CLANG_WARN_SUSPICIOUS_MOVE = YES;
				CLANG_WARN_UNREACHABLE_CODE = YES;
				CLANG_WARN__DUPLICATE_METHOD_MATCH = YES;
				"CODE_SIGN_IDENTITY[sdk=iphoneos*]" = "iPhone Developer";
				COPY_PHASE_STRIP = NO;
				DEBUG_INFORMATION_FORMAT = dwarf;
				ENABLE_STRICT_OBJC_MSGSEND = YES;
				ENABLE_TESTABILITY = YES;
				GCC_C_LANGUAGE_STANDARD = gnu99;
				GCC_DYNAMIC_NO_PIC = NO;
				GCC_NO_COMMON_BLOCKS = YES;
				GCC_OPTIMIZATION_LEVEL = 0;
				GCC_PREPROCESSOR_DEFINITIONS = (
					"DEBUG=1",
					"$(inherited)",
				);
				GCC_WARN_64_TO_32_BIT_CONVERSION = YES;
				GCC_WARN_ABOUT_RETURN_TYPE = YES_ERROR;
				GCC_WARN_UNDECLARED_SELECTOR = YES;
				GCC_WARN_UNINITIALIZED_AUTOS = YES_AGGRESSIVE;
				GCC_WARN_UNUSED_FUNCTION = YES;
				GCC_WARN_UNUSED_VARIABLE = YES;
				IPHONEOS_DEPLOYMENT_TARGET = 10.2;
				MTL_ENABLE_DEBUG_INFO = YES;
				ONLY_ACTIVE_ARCH = YES;
				SDKROOT = iphoneos;
				SWIFT_ACTIVE_COMPILATION_CONDITIONS = DEBUG;
				SWIFT_OPTIMIZATION_LEVEL = "-Onone";
			};
			name = Debug;
		};
		508DA8A91E3EC6090093514D /* Release */ = {
			isa = XCBuildConfiguration;
			buildSettings = {
				ALWAYS_SEARCH_USER_PATHS = NO;
				CLANG_ANALYZER_NONNULL = YES;
				CLANG_CXX_LANGUAGE_STANDARD = "gnu++0x";
				CLANG_CXX_LIBRARY = "libc++";
				CLANG_ENABLE_MODULES = YES;
				CLANG_ENABLE_OBJC_ARC = YES;
				CLANG_WARN_BOOL_CONVERSION = YES;
				CLANG_WARN_CONSTANT_CONVERSION = YES;
				CLANG_WARN_DIRECT_OBJC_ISA_USAGE = YES_ERROR;
				CLANG_WARN_DOCUMENTATION_COMMENTS = YES;
				CLANG_WARN_EMPTY_BODY = YES;
				CLANG_WARN_ENUM_CONVERSION = YES;
				CLANG_WARN_INFINITE_RECURSION = YES;
				CLANG_WARN_INT_CONVERSION = YES;
				CLANG_WARN_OBJC_ROOT_CLASS = YES_ERROR;
				CLANG_WARN_SUSPICIOUS_MOVE = YES;
				CLANG_WARN_UNREACHABLE_CODE = YES;
				CLANG_WARN__DUPLICATE_METHOD_MATCH = YES;
				"CODE_SIGN_IDENTITY[sdk=iphoneos*]" = "iPhone Developer";
				COPY_PHASE_STRIP = NO;
				DEBUG_INFORMATION_FORMAT = "dwarf-with-dsym";
				ENABLE_NS_ASSERTIONS = NO;
				ENABLE_STRICT_OBJC_MSGSEND = YES;
				GCC_C_LANGUAGE_STANDARD = gnu99;
				GCC_NO_COMMON_BLOCKS = YES;
				GCC_WARN_64_TO_32_BIT_CONVERSION = YES;
				GCC_WARN_ABOUT_RETURN_TYPE = YES_ERROR;
				GCC_WARN_UNDECLARED_SELECTOR = YES;
				GCC_WARN_UNINITIALIZED_AUTOS = YES_AGGRESSIVE;
				GCC_WARN_UNUSED_FUNCTION = YES;
				GCC_WARN_UNUSED_VARIABLE = YES;
				IPHONEOS_DEPLOYMENT_TARGET = 10.2;
				MTL_ENABLE_DEBUG_INFO = NO;
				SDKROOT = iphoneos;
				SWIFT_OPTIMIZATION_LEVEL = "-Owholemodule";
				VALIDATE_PRODUCT = YES;
			};
			name = Release;
		};
		508DA8AB1E3EC6090093514D /* Debug */ = {
			isa = XCBuildConfiguration;
			baseConfigurationReference = DF4CA557D0A9F5EEDCF94C2F /* Pods-GiftTracker.debug.xcconfig */;
			buildSettings = {
				ASSETCATALOG_COMPILER_APPICON_NAME = AppIcon;
				CODE_SIGN_ENTITLEMENTS = GiftTracker/GiftTracker.entitlements;
				DEVELOPMENT_TEAM = ME5VK26M48;
				INFOPLIST_FILE = GiftTracker/Info.plist;
				LD_RUNPATH_SEARCH_PATHS = "$(inherited) @executable_path/Frameworks";
				PRODUCT_BUNDLE_IDENTIFIER = com.gyk42.GiftTracker;
				PRODUCT_NAME = "$(TARGET_NAME)";
				SWIFT_VERSION = 3.0;
			};
			name = Debug;
		};
		508DA8AC1E3EC6090093514D /* Release */ = {
			isa = XCBuildConfiguration;
			baseConfigurationReference = 07548855FE948AF7D1B6EF08 /* Pods-GiftTracker.release.xcconfig */;
			buildSettings = {
				ASSETCATALOG_COMPILER_APPICON_NAME = AppIcon;
				CODE_SIGN_ENTITLEMENTS = GiftTracker/GiftTracker.entitlements;
				CODE_SIGN_IDENTITY = "iPhone Developer";
				DEVELOPMENT_TEAM = ME5VK26M48;
				INFOPLIST_FILE = GiftTracker/Info.plist;
				LD_RUNPATH_SEARCH_PATHS = "$(inherited) @executable_path/Frameworks";
				PRODUCT_BUNDLE_IDENTIFIER = com.gyk42.GiftTracker;
				PRODUCT_NAME = "$(TARGET_NAME)";
				SWIFT_VERSION = 3.0;
			};
			name = Release;
		};
/* End XCBuildConfiguration section */

/* Begin XCConfigurationList section */
		508DA8901E3EC6090093514D /* Build configuration list for PBXProject "GiftTracker" */ = {
			isa = XCConfigurationList;
			buildConfigurations = (
				508DA8A81E3EC6090093514D /* Debug */,
				508DA8A91E3EC6090093514D /* Release */,
			);
			defaultConfigurationIsVisible = 0;
			defaultConfigurationName = Release;
		};
		508DA8AA1E3EC6090093514D /* Build configuration list for PBXNativeTarget "GiftTracker" */ = {
			isa = XCConfigurationList;
			buildConfigurations = (
				508DA8AB1E3EC6090093514D /* Debug */,
				508DA8AC1E3EC6090093514D /* Release */,
			);
			defaultConfigurationIsVisible = 0;
			defaultConfigurationName = Release;
		};
/* End XCConfigurationList section */
	};
	rootObject = 508DA88D1E3EC6090093514D /* Project object */;
}
